// !$*UTF8*$!
{
	archiveVersion = 1;
	classes = {
	};
	objectVersion = 56;
	objects = {

/* Begin PBXBuildFile section */
		202352312C4FDE8C0063839F /* DTOMocks.swift in Sources */ = {isa = PBXBuildFile; fileRef = 202352302C4FDE8C0063839F /* DTOMocks.swift */; };
		202352382C4FEE480063839F /* Endpoint.swift in Sources */ = {isa = PBXBuildFile; fileRef = 202352372C4FEE480063839F /* Endpoint.swift */; };
		2023523D2C5007540063839F /* getCategoriesExample1.swift in Sources */ = {isa = PBXBuildFile; fileRef = 2023523C2C5007540063839F /* getCategoriesExample1.swift */; };
		2023523F2C5009B80063839F /* getFAQExample1.swift in Sources */ = {isa = PBXBuildFile; fileRef = 2023523E2C5009B80063839F /* getFAQExample1.swift */; };
		202352412C500B540063839F /* MockHelpCenterAPI.swift in Sources */ = {isa = PBXBuildFile; fileRef = 202352402C500B540063839F /* MockHelpCenterAPI.swift */; };
		202352432C5014860063839F /* MockHelpCenter.swift in Sources */ = {isa = PBXBuildFile; fileRef = 202352422C5014860063839F /* MockHelpCenter.swift */; };
		202352452C5016B20063839F /* HelpCenterViewModelTests.swift in Sources */ = {isa = PBXBuildFile; fileRef = 202352442C5016B20063839F /* HelpCenterViewModelTests.swift */; };
		20EAADB72C49DBE5003A68D8 /* AppDelegate.swift in Sources */ = {isa = PBXBuildFile; fileRef = 20EAADB62C49DBE5003A68D8 /* AppDelegate.swift */; };
		20EAADB92C49DBE5003A68D8 /* SceneDelegate.swift in Sources */ = {isa = PBXBuildFile; fileRef = 20EAADB82C49DBE5003A68D8 /* SceneDelegate.swift */; };
		20EAADBB2C49DBE5003A68D8 /* HomeViewController.swift in Sources */ = {isa = PBXBuildFile; fileRef = 20EAADBA2C49DBE5003A68D8 /* HomeViewController.swift */; };
		20EAADC02C49DBE7003A68D8 /* Assets.xcassets in Resources */ = {isa = PBXBuildFile; fileRef = 20EAADBF2C49DBE7003A68D8 /* Assets.xcassets */; };
		20EAADC32C49DBE7003A68D8 /* LaunchScreen.storyboard in Resources */ = {isa = PBXBuildFile; fileRef = 20EAADC12C49DBE7003A68D8 /* LaunchScreen.storyboard */; };
		20EAADD82C49DBE7003A68D8 /* EstaparUITests.swift in Sources */ = {isa = PBXBuildFile; fileRef = 20EAADD72C49DBE7003A68D8 /* EstaparUITests.swift */; };
		20EAADDA2C49DBE7003A68D8 /* EstaparUITestsLaunchTests.swift in Sources */ = {isa = PBXBuildFile; fileRef = 20EAADD92C49DBE7003A68D8 /* EstaparUITestsLaunchTests.swift */; };
		20EAADED2C49F9AB003A68D8 /* DeclarativeUIKit in Frameworks */ = {isa = PBXBuildFile; productRef = 20EAADEC2C49F9AB003A68D8 /* DeclarativeUIKit */; };
		20EAADEF2C49FA73003A68D8 /* HelpCenterCategoryView.swift in Sources */ = {isa = PBXBuildFile; fileRef = 20EAADEE2C49FA73003A68D8 /* HelpCenterCategoryView.swift */; };
		20EAADF22C4A1D84003A68D8 /* CollectionView.swift in Sources */ = {isa = PBXBuildFile; fileRef = 20EAADF12C4A1D84003A68D8 /* CollectionView.swift */; };
		20EAADF52C4A2344003A68D8 /* HelpCenterModel.swift in Sources */ = {isa = PBXBuildFile; fileRef = 20EAADF42C4A2344003A68D8 /* HelpCenterModel.swift */; };
		20EAADF72C4A24DF003A68D8 /* LoadingView.swift in Sources */ = {isa = PBXBuildFile; fileRef = 20EAADF62C4A24DF003A68D8 /* LoadingView.swift */; };
		20EAADF92C4A2597003A68D8 /* HomeViewModel.swift in Sources */ = {isa = PBXBuildFile; fileRef = 20EAADF82C4A2597003A68D8 /* HomeViewModel.swift */; };
		20EAADFD2C4A2631003A68D8 /* HelpCenterCategoryViewModel.swift in Sources */ = {isa = PBXBuildFile; fileRef = 20EAADFC2C4A2631003A68D8 /* HelpCenterCategoryViewModel.swift */; };
		20EAAE022C4A4006003A68D8 /* HelpCenterView.swift in Sources */ = {isa = PBXBuildFile; fileRef = 20EAAE012C4A4006003A68D8 /* HelpCenterView.swift */; };
		20EAAE042C4A7495003A68D8 /* HelpCenterWecomeMessage.swift in Sources */ = {isa = PBXBuildFile; fileRef = 20EAAE032C4A7495003A68D8 /* HelpCenterWecomeMessage.swift */; };
		20EAAE072C4A74E7003A68D8 /* UIViewController+Extensions.swift in Sources */ = {isa = PBXBuildFile; fileRef = 20EAAE062C4A74E7003A68D8 /* UIViewController+Extensions.swift */; };
		20EAAE092C4A752C003A68D8 /* ScrollView+Extensions.swift in Sources */ = {isa = PBXBuildFile; fileRef = 20EAAE082C4A752C003A68D8 /* ScrollView+Extensions.swift */; };
		20EAAE0B2C4C6BD8003A68D8 /* UIView+Extensions.swift in Sources */ = {isa = PBXBuildFile; fileRef = 20EAAE0A2C4C6BD8003A68D8 /* UIView+Extensions.swift */; };
		20EAAE0E2C4C9E49003A68D8 /* FAQView.swift in Sources */ = {isa = PBXBuildFile; fileRef = 20EAAE0D2C4C9E49003A68D8 /* FAQView.swift */; };
		20EAAE102C4CA946003A68D8 /* HelpCenterViewModel.swift in Sources */ = {isa = PBXBuildFile; fileRef = 20EAAE0F2C4CA946003A68D8 /* HelpCenterViewModel.swift */; };
		20EAAE142C4CB1C0003A68D8 /* FAQViewModel.swift in Sources */ = {isa = PBXBuildFile; fileRef = 20EAAE132C4CB1C0003A68D8 /* FAQViewModel.swift */; };
		20EAAE162C4CB1D6003A68D8 /* FAQItemView.swift in Sources */ = {isa = PBXBuildFile; fileRef = 20EAAE152C4CB1D6003A68D8 /* FAQItemView.swift */; };
		20EAAE182C4CB1F6003A68D8 /* FAQItemViewModel.swift in Sources */ = {isa = PBXBuildFile; fileRef = 20EAAE172C4CB1F6003A68D8 /* FAQItemViewModel.swift */; };
		20EAAE1B2C4DD44B003A68D8 /* TextFieldView.swift in Sources */ = {isa = PBXBuildFile; fileRef = 20EAAE1A2C4DD44B003A68D8 /* TextFieldView.swift */; };
		20EAAE1E2C4DE010003A68D8 /* NetworkManager.swift in Sources */ = {isa = PBXBuildFile; fileRef = 20EAAE1D2C4DE010003A68D8 /* NetworkManager.swift */; };
		20EAAE202C4DE50E003A68D8 /* Environment.swift in Sources */ = {isa = PBXBuildFile; fileRef = 20EAAE1F2C4DE50E003A68D8 /* Environment.swift */; };
		20EAAE222C4DE53A003A68D8 /* EndpointMethod.swift in Sources */ = {isa = PBXBuildFile; fileRef = 20EAAE212C4DE53A003A68D8 /* EndpointMethod.swift */; };
		20EAAE242C4DE550003A68D8 /* NetworkError.swift in Sources */ = {isa = PBXBuildFile; fileRef = 20EAAE232C4DE550003A68D8 /* NetworkError.swift */; };
		20EAAE272C4DF73F003A68D8 /* HelpCenterAPI.swift in Sources */ = {isa = PBXBuildFile; fileRef = 20EAAE262C4DF73F003A68D8 /* HelpCenterAPI.swift */; };
		20EAAE2A2C4DFB18003A68D8 /* CategoryDTO.swift in Sources */ = {isa = PBXBuildFile; fileRef = 20EAAE292C4DFB18003A68D8 /* CategoryDTO.swift */; };
		20EAAE2C2C4DFB2E003A68D8 /* CategoriesResponseDTO.swift in Sources */ = {isa = PBXBuildFile; fileRef = 20EAAE2B2C4DFB2E003A68D8 /* CategoriesResponseDTO.swift */; };
		20EAAE2F2C4DFB73003A68D8 /* HelpCenterCategoriesEndpoint.swift in Sources */ = {isa = PBXBuildFile; fileRef = 20EAAE2E2C4DFB73003A68D8 /* HelpCenterCategoriesEndpoint.swift */; };
		20EAAE322C4E028A003A68D8 /* HelpCenterCategory.swift in Sources */ = {isa = PBXBuildFile; fileRef = 20EAAE312C4E028A003A68D8 /* HelpCenterCategory.swift */; };
		20EAAE342C4E02A8003A68D8 /* FAQItem.swift in Sources */ = {isa = PBXBuildFile; fileRef = 20EAAE332C4E02A8003A68D8 /* FAQItem.swift */; };
		20EAAE362C4E051E003A68D8 /* FAQSectionDTO.swift in Sources */ = {isa = PBXBuildFile; fileRef = 20EAAE352C4E051E003A68D8 /* FAQSectionDTO.swift */; };
		20EAAE382C4E0579003A68D8 /* FAQArticleDTO.swift in Sources */ = {isa = PBXBuildFile; fileRef = 20EAAE372C4E0579003A68D8 /* FAQArticleDTO.swift */; };
		20EAAE3A2C4E05D8003A68D8 /* FAQResponseDTO.swift in Sources */ = {isa = PBXBuildFile; fileRef = 20EAAE392C4E05D8003A68D8 /* FAQResponseDTO.swift */; };
		20EAAE3C2C4E07A7003A68D8 /* HeaderDTO.swift in Sources */ = {isa = PBXBuildFile; fileRef = 20EAAE3B2C4E07A7003A68D8 /* HeaderDTO.swift */; };
		20EAAE3E2C4E07BA003A68D8 /* ImageDTO.swift in Sources */ = {isa = PBXBuildFile; fileRef = 20EAAE3D2C4E07BA003A68D8 /* ImageDTO.swift */; };
		20EAAE402C4E0850003A68D8 /* HelpCenterCategoryEndpoint.swift in Sources */ = {isa = PBXBuildFile; fileRef = 20EAAE3F2C4E0850003A68D8 /* HelpCenterCategoryEndpoint.swift */; };
		20EAAE422C4E163B003A68D8 /* ArrowView.swift in Sources */ = {isa = PBXBuildFile; fileRef = 20EAAE412C4E163B003A68D8 /* ArrowView.swift */; };
		20EAAE442C4E1FD0003A68D8 /* Separator.swift in Sources */ = {isa = PBXBuildFile; fileRef = 20EAAE432C4E1FD0003A68D8 /* Separator.swift */; };
		20EAAE462C4E2F2B003A68D8 /* UINavigationController+Extensions.swift in Sources */ = {isa = PBXBuildFile; fileRef = 20EAAE452C4E2F2B003A68D8 /* UINavigationController+Extensions.swift */; };
		20EAAE492C4E325C003A68D8 /* Kingfisher in Frameworks */ = {isa = PBXBuildFile; productRef = 20EAAE482C4E325C003A68D8 /* Kingfisher */; };
		20EAAE522C4E9443003A68D8 /* Header.swift in Sources */ = {isa = PBXBuildFile; fileRef = 20EAAE512C4E9443003A68D8 /* Header.swift */; };
		20EAAE542C4F16FF003A68D8 /* TopNotch.swift in Sources */ = {isa = PBXBuildFile; fileRef = 20EAAE532C4F16FF003A68D8 /* TopNotch.swift */; };
		20EAAE562C4F171D003A68D8 /* ZStack.swift in Sources */ = {isa = PBXBuildFile; fileRef = 20EAAE552C4F171D003A68D8 /* ZStack.swift */; };
		20EAAE582C4F6C55003A68D8 /* UserModel.swift in Sources */ = {isa = PBXBuildFile; fileRef = 20EAAE572C4F6C55003A68D8 /* UserModel.swift */; };
		20EAAE752C4F8100003A68D8 /* DesignSystem in Frameworks */ = {isa = PBXBuildFile; productRef = 20EAAE742C4F8100003A68D8 /* DesignSystem */; };
		20EAAE782C4F9988003A68D8 /* ConcurrentLoading.swift in Sources */ = {isa = PBXBuildFile; fileRef = 20EAAE772C4F9988003A68D8 /* ConcurrentLoading.swift */; };
		20EAAE7A2C4FA04D003A68D8 /* UITextField+Extensions.swift in Sources */ = {isa = PBXBuildFile; fileRef = 20EAAE792C4FA04D003A68D8 /* UITextField+Extensions.swift */; };
		20EAAE7C2C4FABE1003A68D8 /* Reloadable.swift in Sources */ = {isa = PBXBuildFile; fileRef = 20EAAE7B2C4FABE1003A68D8 /* Reloadable.swift */; };
		20EAAE7E2C4FB4DE003A68D8 /* EstaparError.swift in Sources */ = {isa = PBXBuildFile; fileRef = 20EAAE7D2C4FB4DE003A68D8 /* EstaparError.swift */; };
		20EAAE802C4FD3AA003A68D8 /* HelpCenterModelTests.swift in Sources */ = {isa = PBXBuildFile; fileRef = 20EAAE7F2C4FD3AA003A68D8 /* HelpCenterModelTests.swift */; };
/* End PBXBuildFile section */

/* Begin PBXContainerItemProxy section */
		20EAADCA2C49DBE7003A68D8 /* PBXContainerItemProxy */ = {
			isa = PBXContainerItemProxy;
			containerPortal = 20EAADAB2C49DBE5003A68D8 /* Project object */;
			proxyType = 1;
			remoteGlobalIDString = 20EAADB22C49DBE5003A68D8;
			remoteInfo = Estapar;
		};
		20EAADD42C49DBE7003A68D8 /* PBXContainerItemProxy */ = {
			isa = PBXContainerItemProxy;
			containerPortal = 20EAADAB2C49DBE5003A68D8 /* Project object */;
			proxyType = 1;
			remoteGlobalIDString = 20EAADB22C49DBE5003A68D8;
			remoteInfo = Estapar;
		};
/* End PBXContainerItemProxy section */

/* Begin PBXFileReference section */
		202352302C4FDE8C0063839F /* DTOMocks.swift */ = {isa = PBXFileReference; lastKnownFileType = sourcecode.swift; path = DTOMocks.swift; sourceTree = "<group>"; };
		202352372C4FEE480063839F /* Endpoint.swift */ = {isa = PBXFileReference; lastKnownFileType = sourcecode.swift; path = Endpoint.swift; sourceTree = "<group>"; };
		2023523C2C5007540063839F /* getCategoriesExample1.swift */ = {isa = PBXFileReference; lastKnownFileType = sourcecode.swift; path = getCategoriesExample1.swift; sourceTree = "<group>"; };
		2023523E2C5009B80063839F /* getFAQExample1.swift */ = {isa = PBXFileReference; lastKnownFileType = sourcecode.swift; path = getFAQExample1.swift; sourceTree = "<group>"; };
		202352402C500B540063839F /* MockHelpCenterAPI.swift */ = {isa = PBXFileReference; lastKnownFileType = sourcecode.swift; path = MockHelpCenterAPI.swift; sourceTree = "<group>"; };
		202352422C5014860063839F /* MockHelpCenter.swift */ = {isa = PBXFileReference; lastKnownFileType = sourcecode.swift; path = MockHelpCenter.swift; sourceTree = "<group>"; };
		202352442C5016B20063839F /* HelpCenterViewModelTests.swift */ = {isa = PBXFileReference; lastKnownFileType = sourcecode.swift; path = HelpCenterViewModelTests.swift; sourceTree = "<group>"; };
		2040EF1E2C4FD95C0002D3D5 /* Estapar.xctestplan */ = {isa = PBXFileReference; lastKnownFileType = text; path = Estapar.xctestplan; sourceTree = "<group>"; };
		20CB72BA2C4FDC8800AD0CCF /* EstaparTests.xctestplan */ = {isa = PBXFileReference; lastKnownFileType = text; path = EstaparTests.xctestplan; sourceTree = "<group>"; };
		20EAADB32C49DBE5003A68D8 /* Estapar.app */ = {isa = PBXFileReference; explicitFileType = wrapper.application; includeInIndex = 0; path = Estapar.app; sourceTree = BUILT_PRODUCTS_DIR; };
		20EAADB62C49DBE5003A68D8 /* AppDelegate.swift */ = {isa = PBXFileReference; lastKnownFileType = sourcecode.swift; path = AppDelegate.swift; sourceTree = "<group>"; };
		20EAADB82C49DBE5003A68D8 /* SceneDelegate.swift */ = {isa = PBXFileReference; lastKnownFileType = sourcecode.swift; path = SceneDelegate.swift; sourceTree = "<group>"; };
		20EAADBA2C49DBE5003A68D8 /* HomeViewController.swift */ = {isa = PBXFileReference; lastKnownFileType = sourcecode.swift; path = HomeViewController.swift; sourceTree = "<group>"; };
		20EAADBF2C49DBE7003A68D8 /* Assets.xcassets */ = {isa = PBXFileReference; lastKnownFileType = folder.assetcatalog; path = Assets.xcassets; sourceTree = "<group>"; };
		20EAADC22C49DBE7003A68D8 /* Base */ = {isa = PBXFileReference; lastKnownFileType = file.storyboard; name = Base; path = Base.lproj/LaunchScreen.storyboard; sourceTree = "<group>"; };
		20EAADC42C49DBE7003A68D8 /* Info.plist */ = {isa = PBXFileReference; lastKnownFileType = text.plist.xml; path = Info.plist; sourceTree = "<group>"; };
		20EAADC92C49DBE7003A68D8 /* EstaparTests.xctest */ = {isa = PBXFileReference; explicitFileType = wrapper.cfbundle; includeInIndex = 0; path = EstaparTests.xctest; sourceTree = BUILT_PRODUCTS_DIR; };
		20EAADD32C49DBE7003A68D8 /* EstaparUITests.xctest */ = {isa = PBXFileReference; explicitFileType = wrapper.cfbundle; includeInIndex = 0; path = EstaparUITests.xctest; sourceTree = BUILT_PRODUCTS_DIR; };
		20EAADD72C49DBE7003A68D8 /* EstaparUITests.swift */ = {isa = PBXFileReference; lastKnownFileType = sourcecode.swift; path = EstaparUITests.swift; sourceTree = "<group>"; };
		20EAADD92C49DBE7003A68D8 /* EstaparUITestsLaunchTests.swift */ = {isa = PBXFileReference; lastKnownFileType = sourcecode.swift; path = EstaparUITestsLaunchTests.swift; sourceTree = "<group>"; };
		20EAADEE2C49FA73003A68D8 /* HelpCenterCategoryView.swift */ = {isa = PBXFileReference; lastKnownFileType = sourcecode.swift; path = HelpCenterCategoryView.swift; sourceTree = "<group>"; };
		20EAADF12C4A1D84003A68D8 /* CollectionView.swift */ = {isa = PBXFileReference; lastKnownFileType = sourcecode.swift; path = CollectionView.swift; sourceTree = "<group>"; };
		20EAADF42C4A2344003A68D8 /* HelpCenterModel.swift */ = {isa = PBXFileReference; lastKnownFileType = sourcecode.swift; path = HelpCenterModel.swift; sourceTree = "<group>"; };
		20EAADF62C4A24DF003A68D8 /* LoadingView.swift */ = {isa = PBXFileReference; lastKnownFileType = sourcecode.swift; path = LoadingView.swift; sourceTree = "<group>"; };
		20EAADF82C4A2597003A68D8 /* HomeViewModel.swift */ = {isa = PBXFileReference; lastKnownFileType = sourcecode.swift; path = HomeViewModel.swift; sourceTree = "<group>"; };
		20EAADFC2C4A2631003A68D8 /* HelpCenterCategoryViewModel.swift */ = {isa = PBXFileReference; lastKnownFileType = sourcecode.swift; path = HelpCenterCategoryViewModel.swift; sourceTree = "<group>"; };
		20EAAE012C4A4006003A68D8 /* HelpCenterView.swift */ = {isa = PBXFileReference; lastKnownFileType = sourcecode.swift; path = HelpCenterView.swift; sourceTree = "<group>"; };
		20EAAE032C4A7495003A68D8 /* HelpCenterWecomeMessage.swift */ = {isa = PBXFileReference; lastKnownFileType = sourcecode.swift; path = HelpCenterWecomeMessage.swift; sourceTree = "<group>"; };
		20EAAE062C4A74E7003A68D8 /* UIViewController+Extensions.swift */ = {isa = PBXFileReference; lastKnownFileType = sourcecode.swift; path = "UIViewController+Extensions.swift"; sourceTree = "<group>"; };
		20EAAE082C4A752C003A68D8 /* ScrollView+Extensions.swift */ = {isa = PBXFileReference; lastKnownFileType = sourcecode.swift; path = "ScrollView+Extensions.swift"; sourceTree = "<group>"; };
		20EAAE0A2C4C6BD8003A68D8 /* UIView+Extensions.swift */ = {isa = PBXFileReference; lastKnownFileType = sourcecode.swift; path = "UIView+Extensions.swift"; sourceTree = "<group>"; };
		20EAAE0D2C4C9E49003A68D8 /* FAQView.swift */ = {isa = PBXFileReference; lastKnownFileType = sourcecode.swift; path = FAQView.swift; sourceTree = "<group>"; };
		20EAAE0F2C4CA946003A68D8 /* HelpCenterViewModel.swift */ = {isa = PBXFileReference; lastKnownFileType = sourcecode.swift; path = HelpCenterViewModel.swift; sourceTree = "<group>"; };
		20EAAE132C4CB1C0003A68D8 /* FAQViewModel.swift */ = {isa = PBXFileReference; lastKnownFileType = sourcecode.swift; path = FAQViewModel.swift; sourceTree = "<group>"; };
		20EAAE152C4CB1D6003A68D8 /* FAQItemView.swift */ = {isa = PBXFileReference; lastKnownFileType = sourcecode.swift; path = FAQItemView.swift; sourceTree = "<group>"; };
		20EAAE172C4CB1F6003A68D8 /* FAQItemViewModel.swift */ = {isa = PBXFileReference; lastKnownFileType = sourcecode.swift; path = FAQItemViewModel.swift; sourceTree = "<group>"; };
		20EAAE1A2C4DD44B003A68D8 /* TextFieldView.swift */ = {isa = PBXFileReference; lastKnownFileType = sourcecode.swift; path = TextFieldView.swift; sourceTree = "<group>"; };
		20EAAE1D2C4DE010003A68D8 /* NetworkManager.swift */ = {isa = PBXFileReference; lastKnownFileType = sourcecode.swift; path = NetworkManager.swift; sourceTree = "<group>"; };
		20EAAE1F2C4DE50E003A68D8 /* Environment.swift */ = {isa = PBXFileReference; lastKnownFileType = sourcecode.swift; path = Environment.swift; sourceTree = "<group>"; };
		20EAAE212C4DE53A003A68D8 /* EndpointMethod.swift */ = {isa = PBXFileReference; lastKnownFileType = sourcecode.swift; path = EndpointMethod.swift; sourceTree = "<group>"; };
		20EAAE232C4DE550003A68D8 /* NetworkError.swift */ = {isa = PBXFileReference; lastKnownFileType = sourcecode.swift; path = NetworkError.swift; sourceTree = "<group>"; };
		20EAAE262C4DF73F003A68D8 /* HelpCenterAPI.swift */ = {isa = PBXFileReference; lastKnownFileType = sourcecode.swift; path = HelpCenterAPI.swift; sourceTree = "<group>"; };
		20EAAE292C4DFB18003A68D8 /* CategoryDTO.swift */ = {isa = PBXFileReference; lastKnownFileType = sourcecode.swift; path = CategoryDTO.swift; sourceTree = "<group>"; };
		20EAAE2B2C4DFB2E003A68D8 /* CategoriesResponseDTO.swift */ = {isa = PBXFileReference; lastKnownFileType = sourcecode.swift; path = CategoriesResponseDTO.swift; sourceTree = "<group>"; };
		20EAAE2E2C4DFB73003A68D8 /* HelpCenterCategoriesEndpoint.swift */ = {isa = PBXFileReference; lastKnownFileType = sourcecode.swift; path = HelpCenterCategoriesEndpoint.swift; sourceTree = "<group>"; };
		20EAAE312C4E028A003A68D8 /* HelpCenterCategory.swift */ = {isa = PBXFileReference; lastKnownFileType = sourcecode.swift; path = HelpCenterCategory.swift; sourceTree = "<group>"; };
		20EAAE332C4E02A8003A68D8 /* FAQItem.swift */ = {isa = PBXFileReference; lastKnownFileType = sourcecode.swift; path = FAQItem.swift; sourceTree = "<group>"; };
		20EAAE352C4E051E003A68D8 /* FAQSectionDTO.swift */ = {isa = PBXFileReference; lastKnownFileType = sourcecode.swift; path = FAQSectionDTO.swift; sourceTree = "<group>"; };
		20EAAE372C4E0579003A68D8 /* FAQArticleDTO.swift */ = {isa = PBXFileReference; lastKnownFileType = sourcecode.swift; path = FAQArticleDTO.swift; sourceTree = "<group>"; };
		20EAAE392C4E05D8003A68D8 /* FAQResponseDTO.swift */ = {isa = PBXFileReference; lastKnownFileType = sourcecode.swift; path = FAQResponseDTO.swift; sourceTree = "<group>"; };
		20EAAE3B2C4E07A7003A68D8 /* HeaderDTO.swift */ = {isa = PBXFileReference; lastKnownFileType = sourcecode.swift; path = HeaderDTO.swift; sourceTree = "<group>"; };
		20EAAE3D2C4E07BA003A68D8 /* ImageDTO.swift */ = {isa = PBXFileReference; lastKnownFileType = sourcecode.swift; path = ImageDTO.swift; sourceTree = "<group>"; };
		20EAAE3F2C4E0850003A68D8 /* HelpCenterCategoryEndpoint.swift */ = {isa = PBXFileReference; lastKnownFileType = sourcecode.swift; path = HelpCenterCategoryEndpoint.swift; sourceTree = "<group>"; };
		20EAAE412C4E163B003A68D8 /* ArrowView.swift */ = {isa = PBXFileReference; lastKnownFileType = sourcecode.swift; path = ArrowView.swift; sourceTree = "<group>"; };
		20EAAE432C4E1FD0003A68D8 /* Separator.swift */ = {isa = PBXFileReference; lastKnownFileType = sourcecode.swift; path = Separator.swift; sourceTree = "<group>"; };
		20EAAE452C4E2F2B003A68D8 /* UINavigationController+Extensions.swift */ = {isa = PBXFileReference; lastKnownFileType = sourcecode.swift; path = "UINavigationController+Extensions.swift"; sourceTree = "<group>"; };
		20EAAE512C4E9443003A68D8 /* Header.swift */ = {isa = PBXFileReference; lastKnownFileType = sourcecode.swift; path = Header.swift; sourceTree = "<group>"; };
		20EAAE532C4F16FF003A68D8 /* TopNotch.swift */ = {isa = PBXFileReference; lastKnownFileType = sourcecode.swift; path = TopNotch.swift; sourceTree = "<group>"; };
		20EAAE552C4F171D003A68D8 /* ZStack.swift */ = {isa = PBXFileReference; lastKnownFileType = sourcecode.swift; path = ZStack.swift; sourceTree = "<group>"; };
		20EAAE572C4F6C55003A68D8 /* UserModel.swift */ = {isa = PBXFileReference; lastKnownFileType = sourcecode.swift; path = UserModel.swift; sourceTree = "<group>"; };
		20EAAE732C4F80B2003A68D8 /* DesignSystem */ = {isa = PBXFileReference; lastKnownFileType = text; path = DesignSystem; sourceTree = SOURCE_ROOT; };
		20EAAE772C4F9988003A68D8 /* ConcurrentLoading.swift */ = {isa = PBXFileReference; lastKnownFileType = sourcecode.swift; path = ConcurrentLoading.swift; sourceTree = "<group>"; };
		20EAAE792C4FA04D003A68D8 /* UITextField+Extensions.swift */ = {isa = PBXFileReference; lastKnownFileType = sourcecode.swift; path = "UITextField+Extensions.swift"; sourceTree = "<group>"; };
		20EAAE7B2C4FABE1003A68D8 /* Reloadable.swift */ = {isa = PBXFileReference; lastKnownFileType = sourcecode.swift; path = Reloadable.swift; sourceTree = "<group>"; };
		20EAAE7D2C4FB4DE003A68D8 /* EstaparError.swift */ = {isa = PBXFileReference; lastKnownFileType = sourcecode.swift; path = EstaparError.swift; sourceTree = "<group>"; };
		20EAAE7F2C4FD3AA003A68D8 /* HelpCenterModelTests.swift */ = {isa = PBXFileReference; lastKnownFileType = sourcecode.swift; path = HelpCenterModelTests.swift; sourceTree = "<group>"; };
/* End PBXFileReference section */

/* Begin PBXFrameworksBuildPhase section */
		20EAADB02C49DBE5003A68D8 /* Frameworks */ = {
			isa = PBXFrameworksBuildPhase;
			buildActionMask = 2147483647;
			files = (
				20EAAE752C4F8100003A68D8 /* DesignSystem in Frameworks */,
				20EAAE492C4E325C003A68D8 /* Kingfisher in Frameworks */,
				20EAADED2C49F9AB003A68D8 /* DeclarativeUIKit in Frameworks */,
			);
			runOnlyForDeploymentPostprocessing = 0;
		};
		20EAADC62C49DBE7003A68D8 /* Frameworks */ = {
			isa = PBXFrameworksBuildPhase;
			buildActionMask = 2147483647;
			files = (
			);
			runOnlyForDeploymentPostprocessing = 0;
		};
		20EAADD02C49DBE7003A68D8 /* Frameworks */ = {
			isa = PBXFrameworksBuildPhase;
			buildActionMask = 2147483647;
			files = (
			);
			runOnlyForDeploymentPostprocessing = 0;
		};
/* End PBXFrameworksBuildPhase section */

/* Begin PBXGroup section */
		202352322C4FDF320063839F /* ResponseExamples */ = {
			isa = PBXGroup;
			children = (
				2023523C2C5007540063839F /* getCategoriesExample1.swift */,
				2023523E2C5009B80063839F /* getFAQExample1.swift */,
			);
			path = ResponseExamples;
			sourceTree = "<group>";
		};
		20EAADAA2C49DBE5003A68D8 = {
			isa = PBXGroup;
			children = (
				20EAADB52C49DBE5003A68D8 /* Estapar */,
				20EAADCC2C49DBE7003A68D8 /* EstaparTests */,
				20EAADD62C49DBE7003A68D8 /* EstaparUITests */,
				20EAADB42C49DBE5003A68D8 /* Products */,
				20EAADE82C49E198003A68D8 /* Frameworks */,
			);
			sourceTree = "<group>";
		};
		20EAADB42C49DBE5003A68D8 /* Products */ = {
			isa = PBXGroup;
			children = (
				20EAADB32C49DBE5003A68D8 /* Estapar.app */,
				20EAADC92C49DBE7003A68D8 /* EstaparTests.xctest */,
				20EAADD32C49DBE7003A68D8 /* EstaparUITests.xctest */,
			);
			name = Products;
			sourceTree = "<group>";
		};
		20EAADB52C49DBE5003A68D8 /* Estapar */ = {
			isa = PBXGroup;
			children = (
				20EAAE732C4F80B2003A68D8 /* DesignSystem */,
				20EAAE302C4DFFB2003A68D8 /* API */,
				20EAAE052C4A74D9003A68D8 /* Extensions */,
				20EAAE1C2C4DE001003A68D8 /* Network */,
				20EAADF32C4A2336003A68D8 /* Models */,
				20EAAE762C4F9952003A68D8 /* PropertyWrappers */,
				20EAADFB2C4A25AB003A68D8 /* Screens */,
				20EAADB62C49DBE5003A68D8 /* AppDelegate.swift */,
				20EAADB82C49DBE5003A68D8 /* SceneDelegate.swift */,
				20EAADBF2C49DBE7003A68D8 /* Assets.xcassets */,
				20EAADC12C49DBE7003A68D8 /* LaunchScreen.storyboard */,
				20EAADC42C49DBE7003A68D8 /* Info.plist */,
				2040EF1E2C4FD95C0002D3D5 /* Estapar.xctestplan */,
			);
			path = Estapar;
			sourceTree = "<group>";
		};
		20EAADCC2C49DBE7003A68D8 /* EstaparTests */ = {
			isa = PBXGroup;
			children = (
				20CB72BA2C4FDC8800AD0CCF /* EstaparTests.xctestplan */,
				20EAAE812C4FD3BA003A68D8 /* Mocks */,
				20EAAE7F2C4FD3AA003A68D8 /* HelpCenterModelTests.swift */,
				202352442C5016B20063839F /* HelpCenterViewModelTests.swift */,
			);
			path = EstaparTests;
			sourceTree = "<group>";
		};
		20EAADD62C49DBE7003A68D8 /* EstaparUITests */ = {
			isa = PBXGroup;
			children = (
				20EAADD72C49DBE7003A68D8 /* EstaparUITests.swift */,
				20EAADD92C49DBE7003A68D8 /* EstaparUITestsLaunchTests.swift */,
			);
			path = EstaparUITests;
			sourceTree = "<group>";
		};
		20EAADE62C49DD4C003A68D8 /* Home */ = {
			isa = PBXGroup;
			children = (
				20EAADBA2C49DBE5003A68D8 /* HomeViewController.swift */,
				20EAADF82C4A2597003A68D8 /* HomeViewModel.swift */,
			);
			path = Home;
			sourceTree = "<group>";
		};
		20EAADE82C49E198003A68D8 /* Frameworks */ = {
			isa = PBXGroup;
			children = (
			);
			name = Frameworks;
			sourceTree = "<group>";
		};
		20EAADF02C4A1D6F003A68D8 /* ReusableViews */ = {
			isa = PBXGroup;
			children = (
				20EAAE412C4E163B003A68D8 /* ArrowView.swift */,
				20EAADF12C4A1D84003A68D8 /* CollectionView.swift */,
				20EAADF62C4A24DF003A68D8 /* LoadingView.swift */,
				20EAAE432C4E1FD0003A68D8 /* Separator.swift */,
				20EAAE1A2C4DD44B003A68D8 /* TextFieldView.swift */,
				20EAAE532C4F16FF003A68D8 /* TopNotch.swift */,
				20EAAE552C4F171D003A68D8 /* ZStack.swift */,
				20EAAE7B2C4FABE1003A68D8 /* Reloadable.swift */,
			);
			path = ReusableViews;
			sourceTree = "<group>";
		};
		20EAADF32C4A2336003A68D8 /* Models */ = {
			isa = PBXGroup;
			children = (
				20EAADF42C4A2344003A68D8 /* HelpCenterModel.swift */,
				20EAAE312C4E028A003A68D8 /* HelpCenterCategory.swift */,
				20EAAE332C4E02A8003A68D8 /* FAQItem.swift */,
				20EAAE512C4E9443003A68D8 /* Header.swift */,
				20EAAE572C4F6C55003A68D8 /* UserModel.swift */,
				20EAAE7D2C4FB4DE003A68D8 /* EstaparError.swift */,
			);
			path = Models;
			sourceTree = "<group>";
		};
		20EAADFA2C4A25A1003A68D8 /* HelpCenter */ = {
			isa = PBXGroup;
			children = (
				20EAAE012C4A4006003A68D8 /* HelpCenterView.swift */,
				20EAAE0F2C4CA946003A68D8 /* HelpCenterViewModel.swift */,
				20EAAE112C4CA94A003A68D8 /* Category */,
				20EAAE122C4CA96F003A68D8 /* Welcomer */,
			);
			path = HelpCenter;
			sourceTree = "<group>";
		};
		20EAADFB2C4A25AB003A68D8 /* Screens */ = {
			isa = PBXGroup;
			children = (
				20EAADF02C4A1D6F003A68D8 /* ReusableViews */,
				20EAAE0C2C4C9E3C003A68D8 /* FAQ */,
				20EAADFA2C4A25A1003A68D8 /* HelpCenter */,
				20EAADE62C49DD4C003A68D8 /* Home */,
			);
			path = Screens;
			sourceTree = "<group>";
		};
		20EAAE052C4A74D9003A68D8 /* Extensions */ = {
			isa = PBXGroup;
			children = (
				20EAAE062C4A74E7003A68D8 /* UIViewController+Extensions.swift */,
				20EAAE082C4A752C003A68D8 /* ScrollView+Extensions.swift */,
				20EAAE0A2C4C6BD8003A68D8 /* UIView+Extensions.swift */,
				20EAAE452C4E2F2B003A68D8 /* UINavigationController+Extensions.swift */,
				20EAAE792C4FA04D003A68D8 /* UITextField+Extensions.swift */,
			);
			path = Extensions;
			sourceTree = "<group>";
		};
		20EAAE0C2C4C9E3C003A68D8 /* FAQ */ = {
			isa = PBXGroup;
			children = (
				20EAAE0D2C4C9E49003A68D8 /* FAQView.swift */,
				20EAAE132C4CB1C0003A68D8 /* FAQViewModel.swift */,
				20EAAE192C4CB209003A68D8 /* Item */,
			);
			path = FAQ;
			sourceTree = "<group>";
		};
		20EAAE112C4CA94A003A68D8 /* Category */ = {
			isa = PBXGroup;
			children = (
				20EAADEE2C49FA73003A68D8 /* HelpCenterCategoryView.swift */,
				20EAADFC2C4A2631003A68D8 /* HelpCenterCategoryViewModel.swift */,
			);
			path = Category;
			sourceTree = "<group>";
		};
		20EAAE122C4CA96F003A68D8 /* Welcomer */ = {
			isa = PBXGroup;
			children = (
				20EAAE032C4A7495003A68D8 /* HelpCenterWecomeMessage.swift */,
			);
			path = Welcomer;
			sourceTree = "<group>";
		};
		20EAAE192C4CB209003A68D8 /* Item */ = {
			isa = PBXGroup;
			children = (
				20EAAE152C4CB1D6003A68D8 /* FAQItemView.swift */,
				20EAAE172C4CB1F6003A68D8 /* FAQItemViewModel.swift */,
			);
			path = Item;
			sourceTree = "<group>";
		};
		20EAAE1C2C4DE001003A68D8 /* Network */ = {
			isa = PBXGroup;
			children = (
				20EAAE1D2C4DE010003A68D8 /* NetworkManager.swift */,
				20EAAE1F2C4DE50E003A68D8 /* Environment.swift */,
				20EAAE212C4DE53A003A68D8 /* EndpointMethod.swift */,
				20EAAE232C4DE550003A68D8 /* NetworkError.swift */,
			);
			path = Network;
			sourceTree = "<group>";
		};
		20EAAE282C4DFB0C003A68D8 /* DTOs */ = {
			isa = PBXGroup;
			children = (
				20EAAE292C4DFB18003A68D8 /* CategoryDTO.swift */,
				20EAAE2B2C4DFB2E003A68D8 /* CategoriesResponseDTO.swift */,
				20EAAE352C4E051E003A68D8 /* FAQSectionDTO.swift */,
				20EAAE372C4E0579003A68D8 /* FAQArticleDTO.swift */,
				20EAAE392C4E05D8003A68D8 /* FAQResponseDTO.swift */,
				20EAAE3B2C4E07A7003A68D8 /* HeaderDTO.swift */,
				20EAAE3D2C4E07BA003A68D8 /* ImageDTO.swift */,
			);
			path = DTOs;
			sourceTree = "<group>";
		};
		20EAAE2D2C4DFB5B003A68D8 /* Endpoints */ = {
			isa = PBXGroup;
			children = (
				20EAAE2E2C4DFB73003A68D8 /* HelpCenterCategoriesEndpoint.swift */,
				20EAAE3F2C4E0850003A68D8 /* HelpCenterCategoryEndpoint.swift */,
				202352372C4FEE480063839F /* Endpoint.swift */,
			);
			path = Endpoints;
			sourceTree = "<group>";
		};
		20EAAE302C4DFFB2003A68D8 /* API */ = {
			isa = PBXGroup;
			children = (
				20EAAE282C4DFB0C003A68D8 /* DTOs */,
				20EAAE2D2C4DFB5B003A68D8 /* Endpoints */,
				20EAAE262C4DF73F003A68D8 /* HelpCenterAPI.swift */,
			);
			path = API;
			sourceTree = "<group>";
		};
		20EAAE762C4F9952003A68D8 /* PropertyWrappers */ = {
			isa = PBXGroup;
			children = (
				20EAAE772C4F9988003A68D8 /* ConcurrentLoading.swift */,
			);
			path = PropertyWrappers;
			sourceTree = "<group>";
		};
		20EAAE812C4FD3BA003A68D8 /* Mocks */ = {
			isa = PBXGroup;
			children = (
				202352322C4FDF320063839F /* ResponseExamples */,
				202352302C4FDE8C0063839F /* DTOMocks.swift */,
				202352402C500B540063839F /* MockHelpCenterAPI.swift */,
				202352422C5014860063839F /* MockHelpCenter.swift */,
			);
			path = Mocks;
			sourceTree = "<group>";
		};
/* End PBXGroup section */

/* Begin PBXNativeTarget section */
		20EAADB22C49DBE5003A68D8 /* Estapar */ = {
			isa = PBXNativeTarget;
			buildConfigurationList = 20EAADDD2C49DBE7003A68D8 /* Build configuration list for PBXNativeTarget "Estapar" */;
			buildPhases = (
				20EAADAF2C49DBE5003A68D8 /* Sources */,
				20EAADB02C49DBE5003A68D8 /* Frameworks */,
				20EAADB12C49DBE5003A68D8 /* Resources */,
			);
			buildRules = (
			);
			dependencies = (
			);
			name = Estapar;
			packageProductDependencies = (
				20EAADEC2C49F9AB003A68D8 /* DeclarativeUIKit */,
				20EAAE482C4E325C003A68D8 /* Kingfisher */,
				20EAAE742C4F8100003A68D8 /* DesignSystem */,
			);
			productName = Estapar;
			productReference = 20EAADB32C49DBE5003A68D8 /* Estapar.app */;
			productType = "com.apple.product-type.application";
		};
		20EAADC82C49DBE7003A68D8 /* EstaparTests */ = {
			isa = PBXNativeTarget;
			buildConfigurationList = 20EAADE02C49DBE7003A68D8 /* Build configuration list for PBXNativeTarget "EstaparTests" */;
			buildPhases = (
				20EAADC52C49DBE7003A68D8 /* Sources */,
				20EAADC62C49DBE7003A68D8 /* Frameworks */,
				20EAADC72C49DBE7003A68D8 /* Resources */,
			);
			buildRules = (
			);
			dependencies = (
				20EAADCB2C49DBE7003A68D8 /* PBXTargetDependency */,
			);
			name = EstaparTests;
			productName = EstaparTests;
			productReference = 20EAADC92C49DBE7003A68D8 /* EstaparTests.xctest */;
			productType = "com.apple.product-type.bundle.unit-test";
		};
		20EAADD22C49DBE7003A68D8 /* EstaparUITests */ = {
			isa = PBXNativeTarget;
			buildConfigurationList = 20EAADE32C49DBE7003A68D8 /* Build configuration list for PBXNativeTarget "EstaparUITests" */;
			buildPhases = (
				20EAADCF2C49DBE7003A68D8 /* Sources */,
				20EAADD02C49DBE7003A68D8 /* Frameworks */,
				20EAADD12C49DBE7003A68D8 /* Resources */,
			);
			buildRules = (
			);
			dependencies = (
				20EAADD52C49DBE7003A68D8 /* PBXTargetDependency */,
			);
			name = EstaparUITests;
			productName = EstaparUITests;
			productReference = 20EAADD32C49DBE7003A68D8 /* EstaparUITests.xctest */;
			productType = "com.apple.product-type.bundle.ui-testing";
		};
/* End PBXNativeTarget section */

/* Begin PBXProject section */
		20EAADAB2C49DBE5003A68D8 /* Project object */ = {
			isa = PBXProject;
			attributes = {
				BuildIndependentTargetsInParallel = 1;
				LastSwiftUpdateCheck = 1520;
				LastUpgradeCheck = 1520;
				TargetAttributes = {
					20EAADB22C49DBE5003A68D8 = {
						CreatedOnToolsVersion = 15.2;
					};
					20EAADC82C49DBE7003A68D8 = {
						CreatedOnToolsVersion = 15.2;
						TestTargetID = 20EAADB22C49DBE5003A68D8;
					};
					20EAADD22C49DBE7003A68D8 = {
						CreatedOnToolsVersion = 15.2;
						TestTargetID = 20EAADB22C49DBE5003A68D8;
					};
				};
			};
			buildConfigurationList = 20EAADAE2C49DBE5003A68D8 /* Build configuration list for PBXProject "Estapar" */;
			compatibilityVersion = "Xcode 14.0";
			developmentRegion = en;
			hasScannedForEncodings = 0;
			knownRegions = (
				en,
				Base,
			);
			mainGroup = 20EAADAA2C49DBE5003A68D8;
			packageReferences = (
				20EAADEB2C49F9AB003A68D8 /* XCRemoteSwiftPackageReference "DeclarativeUIKit" */,
				20EAAE472C4E325C003A68D8 /* XCRemoteSwiftPackageReference "Kingfisher" */,
			);
			productRefGroup = 20EAADB42C49DBE5003A68D8 /* Products */;
			projectDirPath = "";
			projectRoot = "";
			targets = (
				20EAADB22C49DBE5003A68D8 /* Estapar */,
				20EAADC82C49DBE7003A68D8 /* EstaparTests */,
				20EAADD22C49DBE7003A68D8 /* EstaparUITests */,
			);
		};
/* End PBXProject section */

/* Begin PBXResourcesBuildPhase section */
		20EAADB12C49DBE5003A68D8 /* Resources */ = {
			isa = PBXResourcesBuildPhase;
			buildActionMask = 2147483647;
			files = (
				20EAADC32C49DBE7003A68D8 /* LaunchScreen.storyboard in Resources */,
				20EAADC02C49DBE7003A68D8 /* Assets.xcassets in Resources */,
			);
			runOnlyForDeploymentPostprocessing = 0;
		};
		20EAADC72C49DBE7003A68D8 /* Resources */ = {
			isa = PBXResourcesBuildPhase;
			buildActionMask = 2147483647;
			files = (
			);
			runOnlyForDeploymentPostprocessing = 0;
		};
		20EAADD12C49DBE7003A68D8 /* Resources */ = {
			isa = PBXResourcesBuildPhase;
			buildActionMask = 2147483647;
			files = (
			);
			runOnlyForDeploymentPostprocessing = 0;
		};
/* End PBXResourcesBuildPhase section */

/* Begin PBXSourcesBuildPhase section */
		20EAADAF2C49DBE5003A68D8 /* Sources */ = {
			isa = PBXSourcesBuildPhase;
			buildActionMask = 2147483647;
			files = (
				20EAAE0B2C4C6BD8003A68D8 /* UIView+Extensions.swift in Sources */,
				20EAAE042C4A7495003A68D8 /* HelpCenterWecomeMessage.swift in Sources */,
				20EAAE272C4DF73F003A68D8 /* HelpCenterAPI.swift in Sources */,
				20EAAE562C4F171D003A68D8 /* ZStack.swift in Sources */,
				20EAAE7C2C4FABE1003A68D8 /* Reloadable.swift in Sources */,
				20EAAE072C4A74E7003A68D8 /* UIViewController+Extensions.swift in Sources */,
				20EAAE542C4F16FF003A68D8 /* TopNotch.swift in Sources */,
				20EAAE422C4E163B003A68D8 /* ArrowView.swift in Sources */,
				20EAAE1E2C4DE010003A68D8 /* NetworkManager.swift in Sources */,
				20EAAE582C4F6C55003A68D8 /* UserModel.swift in Sources */,
				202352382C4FEE480063839F /* Endpoint.swift in Sources */,
				20EAAE782C4F9988003A68D8 /* ConcurrentLoading.swift in Sources */,
				20EAAE322C4E028A003A68D8 /* HelpCenterCategory.swift in Sources */,
				20EAAE092C4A752C003A68D8 /* ScrollView+Extensions.swift in Sources */,
				20EAADBB2C49DBE5003A68D8 /* HomeViewController.swift in Sources */,
				20EAADF22C4A1D84003A68D8 /* CollectionView.swift in Sources */,
				20EAAE202C4DE50E003A68D8 /* Environment.swift in Sources */,
				20EAAE522C4E9443003A68D8 /* Header.swift in Sources */,
				20EAAE1B2C4DD44B003A68D8 /* TextFieldView.swift in Sources */,
				20EAAE242C4DE550003A68D8 /* NetworkError.swift in Sources */,
				20EAAE462C4E2F2B003A68D8 /* UINavigationController+Extensions.swift in Sources */,
				20EAAE7E2C4FB4DE003A68D8 /* EstaparError.swift in Sources */,
				20EAAE022C4A4006003A68D8 /* HelpCenterView.swift in Sources */,
				20EAAE162C4CB1D6003A68D8 /* FAQItemView.swift in Sources */,
				20EAADFD2C4A2631003A68D8 /* HelpCenterCategoryViewModel.swift in Sources */,
				20EAADB72C49DBE5003A68D8 /* AppDelegate.swift in Sources */,
				20EAAE2A2C4DFB18003A68D8 /* CategoryDTO.swift in Sources */,
				20EAADF92C4A2597003A68D8 /* HomeViewModel.swift in Sources */,
				20EAAE442C4E1FD0003A68D8 /* Separator.swift in Sources */,
				20EAAE362C4E051E003A68D8 /* FAQSectionDTO.swift in Sources */,
				20EAAE102C4CA946003A68D8 /* HelpCenterViewModel.swift in Sources */,
				20EAADB92C49DBE5003A68D8 /* SceneDelegate.swift in Sources */,
				20EAADEF2C49FA73003A68D8 /* HelpCenterCategoryView.swift in Sources */,
				20EAAE222C4DE53A003A68D8 /* EndpointMethod.swift in Sources */,
				20EAAE182C4CB1F6003A68D8 /* FAQItemViewModel.swift in Sources */,
				20EAAE2F2C4DFB73003A68D8 /* HelpCenterCategoriesEndpoint.swift in Sources */,
				20EAAE7A2C4FA04D003A68D8 /* UITextField+Extensions.swift in Sources */,
				20EAAE402C4E0850003A68D8 /* HelpCenterCategoryEndpoint.swift in Sources */,
				20EAAE2C2C4DFB2E003A68D8 /* CategoriesResponseDTO.swift in Sources */,
				20EAAE3C2C4E07A7003A68D8 /* HeaderDTO.swift in Sources */,
				20EAAE3A2C4E05D8003A68D8 /* FAQResponseDTO.swift in Sources */,
				20EAAE342C4E02A8003A68D8 /* FAQItem.swift in Sources */,
				20EAADF72C4A24DF003A68D8 /* LoadingView.swift in Sources */,
				20EAAE3E2C4E07BA003A68D8 /* ImageDTO.swift in Sources */,
				20EAAE382C4E0579003A68D8 /* FAQArticleDTO.swift in Sources */,
				20EAAE142C4CB1C0003A68D8 /* FAQViewModel.swift in Sources */,
				20EAAE0E2C4C9E49003A68D8 /* FAQView.swift in Sources */,
				20EAADF52C4A2344003A68D8 /* HelpCenterModel.swift in Sources */,
			);
			runOnlyForDeploymentPostprocessing = 0;
		};
		20EAADC52C49DBE7003A68D8 /* Sources */ = {
			isa = PBXSourcesBuildPhase;
			buildActionMask = 2147483647;
			files = (
				2023523F2C5009B80063839F /* getFAQExample1.swift in Sources */,
				202352452C5016B20063839F /* HelpCenterViewModelTests.swift in Sources */,
				202352312C4FDE8C0063839F /* DTOMocks.swift in Sources */,
				2023523D2C5007540063839F /* getCategoriesExample1.swift in Sources */,
				20EAAE802C4FD3AA003A68D8 /* HelpCenterModelTests.swift in Sources */,
				202352432C5014860063839F /* MockHelpCenter.swift in Sources */,
				202352412C500B540063839F /* MockHelpCenterAPI.swift in Sources */,
			);
			runOnlyForDeploymentPostprocessing = 0;
		};
		20EAADCF2C49DBE7003A68D8 /* Sources */ = {
			isa = PBXSourcesBuildPhase;
			buildActionMask = 2147483647;
			files = (
				20EAADD82C49DBE7003A68D8 /* EstaparUITests.swift in Sources */,
				20EAADDA2C49DBE7003A68D8 /* EstaparUITestsLaunchTests.swift in Sources */,
			);
			runOnlyForDeploymentPostprocessing = 0;
		};
/* End PBXSourcesBuildPhase section */

/* Begin PBXTargetDependency section */
		20EAADCB2C49DBE7003A68D8 /* PBXTargetDependency */ = {
			isa = PBXTargetDependency;
			target = 20EAADB22C49DBE5003A68D8 /* Estapar */;
			targetProxy = 20EAADCA2C49DBE7003A68D8 /* PBXContainerItemProxy */;
		};
		20EAADD52C49DBE7003A68D8 /* PBXTargetDependency */ = {
			isa = PBXTargetDependency;
			target = 20EAADB22C49DBE5003A68D8 /* Estapar */;
			targetProxy = 20EAADD42C49DBE7003A68D8 /* PBXContainerItemProxy */;
		};
/* End PBXTargetDependency section */

/* Begin PBXVariantGroup section */
		20EAADC12C49DBE7003A68D8 /* LaunchScreen.storyboard */ = {
			isa = PBXVariantGroup;
			children = (
				20EAADC22C49DBE7003A68D8 /* Base */,
			);
			name = LaunchScreen.storyboard;
			sourceTree = "<group>";
		};
/* End PBXVariantGroup section */

/* Begin XCBuildConfiguration section */
		20EAADDB2C49DBE7003A68D8 /* Debug */ = {
			isa = XCBuildConfiguration;
			buildSettings = {
				ALWAYS_SEARCH_USER_PATHS = NO;
				ASSETCATALOG_COMPILER_GENERATE_SWIFT_ASSET_SYMBOL_EXTENSIONS = YES;
				CLANG_ANALYZER_NONNULL = YES;
				CLANG_ANALYZER_NUMBER_OBJECT_CONVERSION = YES_AGGRESSIVE;
				CLANG_CXX_LANGUAGE_STANDARD = "gnu++20";
				CLANG_ENABLE_MODULES = YES;
				CLANG_ENABLE_OBJC_ARC = YES;
				CLANG_ENABLE_OBJC_WEAK = YES;
				CLANG_WARN_BLOCK_CAPTURE_AUTORELEASING = YES;
				CLANG_WARN_BOOL_CONVERSION = YES;
				CLANG_WARN_COMMA = YES;
				CLANG_WARN_CONSTANT_CONVERSION = YES;
				CLANG_WARN_DEPRECATED_OBJC_IMPLEMENTATIONS = YES;
				CLANG_WARN_DIRECT_OBJC_ISA_USAGE = YES_ERROR;
				CLANG_WARN_DOCUMENTATION_COMMENTS = YES;
				CLANG_WARN_EMPTY_BODY = YES;
				CLANG_WARN_ENUM_CONVERSION = YES;
				CLANG_WARN_INFINITE_RECURSION = YES;
				CLANG_WARN_INT_CONVERSION = YES;
				CLANG_WARN_NON_LITERAL_NULL_CONVERSION = YES;
				CLANG_WARN_OBJC_IMPLICIT_RETAIN_SELF = YES;
				CLANG_WARN_OBJC_LITERAL_CONVERSION = YES;
				CLANG_WARN_OBJC_ROOT_CLASS = YES_ERROR;
				CLANG_WARN_QUOTED_INCLUDE_IN_FRAMEWORK_HEADER = YES;
				CLANG_WARN_RANGE_LOOP_ANALYSIS = YES;
				CLANG_WARN_STRICT_PROTOTYPES = YES;
				CLANG_WARN_SUSPICIOUS_MOVE = YES;
				CLANG_WARN_UNGUARDED_AVAILABILITY = YES_AGGRESSIVE;
				CLANG_WARN_UNREACHABLE_CODE = YES;
				CLANG_WARN__DUPLICATE_METHOD_MATCH = YES;
				COPY_PHASE_STRIP = NO;
				DEBUG_INFORMATION_FORMAT = dwarf;
				ENABLE_STRICT_OBJC_MSGSEND = YES;
				ENABLE_TESTABILITY = YES;
				ENABLE_USER_SCRIPT_SANDBOXING = YES;
				GCC_C_LANGUAGE_STANDARD = gnu17;
				GCC_DYNAMIC_NO_PIC = NO;
				GCC_NO_COMMON_BLOCKS = YES;
				GCC_OPTIMIZATION_LEVEL = 0;
				GCC_PREPROCESSOR_DEFINITIONS = (
					"DEBUG=1",
					"$(inherited)",
				);
				GCC_WARN_64_TO_32_BIT_CONVERSION = YES;
				GCC_WARN_ABOUT_RETURN_TYPE = YES_ERROR;
				GCC_WARN_UNDECLARED_SELECTOR = YES;
				GCC_WARN_UNINITIALIZED_AUTOS = YES_AGGRESSIVE;
				GCC_WARN_UNUSED_FUNCTION = YES;
				GCC_WARN_UNUSED_VARIABLE = YES;
				IPHONEOS_DEPLOYMENT_TARGET = 17.2;
				LOCALIZATION_PREFERS_STRING_CATALOGS = YES;
				MTL_ENABLE_DEBUG_INFO = INCLUDE_SOURCE;
				MTL_FAST_MATH = YES;
				ONLY_ACTIVE_ARCH = YES;
				SDKROOT = iphoneos;
				SWIFT_ACTIVE_COMPILATION_CONDITIONS = "DEBUG $(inherited)";
				SWIFT_OPTIMIZATION_LEVEL = "-Onone";
			};
			name = Debug;
		};
		20EAADDC2C49DBE7003A68D8 /* Release */ = {
			isa = XCBuildConfiguration;
			buildSettings = {
				ALWAYS_SEARCH_USER_PATHS = NO;
				ASSETCATALOG_COMPILER_GENERATE_SWIFT_ASSET_SYMBOL_EXTENSIONS = YES;
				CLANG_ANALYZER_NONNULL = YES;
				CLANG_ANALYZER_NUMBER_OBJECT_CONVERSION = YES_AGGRESSIVE;
				CLANG_CXX_LANGUAGE_STANDARD = "gnu++20";
				CLANG_ENABLE_MODULES = YES;
				CLANG_ENABLE_OBJC_ARC = YES;
				CLANG_ENABLE_OBJC_WEAK = YES;
				CLANG_WARN_BLOCK_CAPTURE_AUTORELEASING = YES;
				CLANG_WARN_BOOL_CONVERSION = YES;
				CLANG_WARN_COMMA = YES;
				CLANG_WARN_CONSTANT_CONVERSION = YES;
				CLANG_WARN_DEPRECATED_OBJC_IMPLEMENTATIONS = YES;
				CLANG_WARN_DIRECT_OBJC_ISA_USAGE = YES_ERROR;
				CLANG_WARN_DOCUMENTATION_COMMENTS = YES;
				CLANG_WARN_EMPTY_BODY = YES;
				CLANG_WARN_ENUM_CONVERSION = YES;
				CLANG_WARN_INFINITE_RECURSION = YES;
				CLANG_WARN_INT_CONVERSION = YES;
				CLANG_WARN_NON_LITERAL_NULL_CONVERSION = YES;
				CLANG_WARN_OBJC_IMPLICIT_RETAIN_SELF = YES;
				CLANG_WARN_OBJC_LITERAL_CONVERSION = YES;
				CLANG_WARN_OBJC_ROOT_CLASS = YES_ERROR;
				CLANG_WARN_QUOTED_INCLUDE_IN_FRAMEWORK_HEADER = YES;
				CLANG_WARN_RANGE_LOOP_ANALYSIS = YES;
				CLANG_WARN_STRICT_PROTOTYPES = YES;
				CLANG_WARN_SUSPICIOUS_MOVE = YES;
				CLANG_WARN_UNGUARDED_AVAILABILITY = YES_AGGRESSIVE;
				CLANG_WARN_UNREACHABLE_CODE = YES;
				CLANG_WARN__DUPLICATE_METHOD_MATCH = YES;
				COPY_PHASE_STRIP = NO;
				DEBUG_INFORMATION_FORMAT = "dwarf-with-dsym";
				ENABLE_NS_ASSERTIONS = NO;
				ENABLE_STRICT_OBJC_MSGSEND = YES;
				ENABLE_USER_SCRIPT_SANDBOXING = YES;
				GCC_C_LANGUAGE_STANDARD = gnu17;
				GCC_NO_COMMON_BLOCKS = YES;
				GCC_WARN_64_TO_32_BIT_CONVERSION = YES;
				GCC_WARN_ABOUT_RETURN_TYPE = YES_ERROR;
				GCC_WARN_UNDECLARED_SELECTOR = YES;
				GCC_WARN_UNINITIALIZED_AUTOS = YES_AGGRESSIVE;
				GCC_WARN_UNUSED_FUNCTION = YES;
				GCC_WARN_UNUSED_VARIABLE = YES;
				IPHONEOS_DEPLOYMENT_TARGET = 17.2;
				LOCALIZATION_PREFERS_STRING_CATALOGS = YES;
				MTL_ENABLE_DEBUG_INFO = NO;
				MTL_FAST_MATH = YES;
				SDKROOT = iphoneos;
				SWIFT_COMPILATION_MODE = wholemodule;
				VALIDATE_PRODUCT = YES;
			};
			name = Release;
		};
		20EAADDE2C49DBE7003A68D8 /* Debug */ = {
			isa = XCBuildConfiguration;
			buildSettings = {
				ASSETCATALOG_COMPILER_APPICON_NAME = AppIcon;
				ASSETCATALOG_COMPILER_GLOBAL_ACCENT_COLOR_NAME = AccentColor;
				CODE_SIGN_STYLE = Automatic;
				CURRENT_PROJECT_VERSION = 1;
				DEVELOPMENT_TEAM = 6RDBHT79U2;
				GENERATE_INFOPLIST_FILE = YES;
				INFOPLIST_FILE = Estapar/Info.plist;
				INFOPLIST_KEY_UIApplicationSupportsIndirectInputEvents = YES;
				INFOPLIST_KEY_UILaunchStoryboardName = LaunchScreen.storyboard;
				INFOPLIST_KEY_UISupportedInterfaceOrientations_iPad = "UIInterfaceOrientationPortrait UIInterfaceOrientationPortraitUpsideDown UIInterfaceOrientationLandscapeLeft UIInterfaceOrientationLandscapeRight";
				INFOPLIST_KEY_UISupportedInterfaceOrientations_iPhone = "UIInterfaceOrientationPortrait UIInterfaceOrientationLandscapeLeft UIInterfaceOrientationLandscapeRight";
				IPHONEOS_DEPLOYMENT_TARGET = 16.0;
				LD_RUNPATH_SEARCH_PATHS = (
					"$(inherited)",
					"@executable_path/Frameworks",
				);
				MARKETING_VERSION = 1.0;
				PRODUCT_BUNDLE_IDENTIFIER = edudjr.Estapar;
				PRODUCT_NAME = "$(TARGET_NAME)";
				SWIFT_EMIT_LOC_STRINGS = YES;
				SWIFT_VERSION = 5.0;
				TARGETED_DEVICE_FAMILY = "1,2";
			};
			name = Debug;
		};
		20EAADDF2C49DBE7003A68D8 /* Release */ = {
			isa = XCBuildConfiguration;
			buildSettings = {
				ASSETCATALOG_COMPILER_APPICON_NAME = AppIcon;
				ASSETCATALOG_COMPILER_GLOBAL_ACCENT_COLOR_NAME = AccentColor;
				CODE_SIGN_STYLE = Automatic;
				CURRENT_PROJECT_VERSION = 1;
				DEVELOPMENT_TEAM = 6RDBHT79U2;
				GENERATE_INFOPLIST_FILE = YES;
				INFOPLIST_FILE = Estapar/Info.plist;
				INFOPLIST_KEY_UIApplicationSupportsIndirectInputEvents = YES;
				INFOPLIST_KEY_UILaunchStoryboardName = LaunchScreen.storyboard;
				INFOPLIST_KEY_UISupportedInterfaceOrientations_iPad = "UIInterfaceOrientationPortrait UIInterfaceOrientationPortraitUpsideDown UIInterfaceOrientationLandscapeLeft UIInterfaceOrientationLandscapeRight";
				INFOPLIST_KEY_UISupportedInterfaceOrientations_iPhone = "UIInterfaceOrientationPortrait UIInterfaceOrientationLandscapeLeft UIInterfaceOrientationLandscapeRight";
				IPHONEOS_DEPLOYMENT_TARGET = 16.0;
				LD_RUNPATH_SEARCH_PATHS = (
					"$(inherited)",
					"@executable_path/Frameworks",
				);
				MARKETING_VERSION = 1.0;
				PRODUCT_BUNDLE_IDENTIFIER = edudjr.Estapar;
				PRODUCT_NAME = "$(TARGET_NAME)";
				SWIFT_EMIT_LOC_STRINGS = YES;
				SWIFT_VERSION = 5.0;
				TARGETED_DEVICE_FAMILY = "1,2";
			};
			name = Release;
		};
		20EAADE12C49DBE7003A68D8 /* Debug */ = {
			isa = XCBuildConfiguration;
			buildSettings = {
				ALWAYS_EMBED_SWIFT_STANDARD_LIBRARIES = YES;
				BUNDLE_LOADER = "$(TEST_HOST)";
				CODE_SIGN_STYLE = Automatic;
				CURRENT_PROJECT_VERSION = 1;
				DEVELOPMENT_TEAM = 6RDBHT79U2;
				GENERATE_INFOPLIST_FILE = YES;
				IPHONEOS_DEPLOYMENT_TARGET = 17.2;
				MARKETING_VERSION = 1.0;
				PRODUCT_BUNDLE_IDENTIFIER = edudjr.EstaparTests;
				PRODUCT_NAME = "$(TARGET_NAME)";
				SWIFT_EMIT_LOC_STRINGS = NO;
				SWIFT_VERSION = 5.0;
				TARGETED_DEVICE_FAMILY = "1,2";
				TEST_HOST = "$(BUILT_PRODUCTS_DIR)/Estapar.app/$(BUNDLE_EXECUTABLE_FOLDER_PATH)/Estapar";
			};
			name = Debug;
		};
		20EAADE22C49DBE7003A68D8 /* Release */ = {
			isa = XCBuildConfiguration;
			buildSettings = {
				ALWAYS_EMBED_SWIFT_STANDARD_LIBRARIES = YES;
				BUNDLE_LOADER = "$(TEST_HOST)";
				CODE_SIGN_STYLE = Automatic;
				CURRENT_PROJECT_VERSION = 1;
				DEVELOPMENT_TEAM = 6RDBHT79U2;
				GENERATE_INFOPLIST_FILE = YES;
				IPHONEOS_DEPLOYMENT_TARGET = 17.2;
				MARKETING_VERSION = 1.0;
				PRODUCT_BUNDLE_IDENTIFIER = edudjr.EstaparTests;
				PRODUCT_NAME = "$(TARGET_NAME)";
				SWIFT_EMIT_LOC_STRINGS = NO;
				SWIFT_VERSION = 5.0;
				TARGETED_DEVICE_FAMILY = "1,2";
				TEST_HOST = "$(BUILT_PRODUCTS_DIR)/Estapar.app/$(BUNDLE_EXECUTABLE_FOLDER_PATH)/Estapar";
			};
			name = Release;
		};
		20EAADE42C49DBE7003A68D8 /* Debug */ = {
			isa = XCBuildConfiguration;
			buildSettings = {
				ALWAYS_EMBED_SWIFT_STANDARD_LIBRARIES = YES;
				CODE_SIGN_STYLE = Automatic;
				CURRENT_PROJECT_VERSION = 1;
				DEVELOPMENT_TEAM = 6RDBHT79U2;
				GENERATE_INFOPLIST_FILE = YES;
				MARKETING_VERSION = 1.0;
				PRODUCT_BUNDLE_IDENTIFIER = edudjr.EstaparUITests;
				PRODUCT_NAME = "$(TARGET_NAME)";
				SWIFT_EMIT_LOC_STRINGS = NO;
				SWIFT_VERSION = 5.0;
				TARGETED_DEVICE_FAMILY = "1,2";
				TEST_TARGET_NAME = Estapar;
			};
			name = Debug;
		};
		20EAADE52C49DBE7003A68D8 /* Release */ = {
			isa = XCBuildConfiguration;
			buildSettings = {
				ALWAYS_EMBED_SWIFT_STANDARD_LIBRARIES = YES;
				CODE_SIGN_STYLE = Automatic;
				CURRENT_PROJECT_VERSION = 1;
				DEVELOPMENT_TEAM = 6RDBHT79U2;
				GENERATE_INFOPLIST_FILE = YES;
				MARKETING_VERSION = 1.0;
				PRODUCT_BUNDLE_IDENTIFIER = edudjr.EstaparUITests;
				PRODUCT_NAME = "$(TARGET_NAME)";
				SWIFT_EMIT_LOC_STRINGS = NO;
				SWIFT_VERSION = 5.0;
				TARGETED_DEVICE_FAMILY = "1,2";
				TEST_TARGET_NAME = Estapar;
			};
			name = Release;
		};
/* End XCBuildConfiguration section */

/* Begin XCConfigurationList section */
		20EAADAE2C49DBE5003A68D8 /* Build configuration list for PBXProject "Estapar" */ = {
			isa = XCConfigurationList;
			buildConfigurations = (
				20EAADDB2C49DBE7003A68D8 /* Debug */,
				20EAADDC2C49DBE7003A68D8 /* Release */,
			);
			defaultConfigurationIsVisible = 0;
			defaultConfigurationName = Release;
		};
		20EAADDD2C49DBE7003A68D8 /* Build configuration list for PBXNativeTarget "Estapar" */ = {
			isa = XCConfigurationList;
			buildConfigurations = (
				20EAADDE2C49DBE7003A68D8 /* Debug */,
				20EAADDF2C49DBE7003A68D8 /* Release */,
			);
			defaultConfigurationIsVisible = 0;
			defaultConfigurationName = Release;
		};
		20EAADE02C49DBE7003A68D8 /* Build configuration list for PBXNativeTarget "EstaparTests" */ = {
			isa = XCConfigurationList;
			buildConfigurations = (
				20EAADE12C49DBE7003A68D8 /* Debug */,
				20EAADE22C49DBE7003A68D8 /* Release */,
			);
			defaultConfigurationIsVisible = 0;
			defaultConfigurationName = Release;
		};
		20EAADE32C49DBE7003A68D8 /* Build configuration list for PBXNativeTarget "EstaparUITests" */ = {
			isa = XCConfigurationList;
			buildConfigurations = (
				20EAADE42C49DBE7003A68D8 /* Debug */,
				20EAADE52C49DBE7003A68D8 /* Release */,
			);
			defaultConfigurationIsVisible = 0;
			defaultConfigurationName = Release;
		};
/* End XCConfigurationList section */

/* Begin XCRemoteSwiftPackageReference section */
		20EAADEB2C49F9AB003A68D8 /* XCRemoteSwiftPackageReference "DeclarativeUIKit" */ = {
			isa = XCRemoteSwiftPackageReference;
			repositoryURL = "git@github.com:Columbina/DeclarativeUIKit.git";
			requirement = {
				kind = upToNextMinorVersion;
				minimumVersion = 2.0.0;
			};
		};
		20EAAE472C4E325C003A68D8 /* XCRemoteSwiftPackageReference "Kingfisher" */ = {
			isa = XCRemoteSwiftPackageReference;
			repositoryURL = "https://github.com/onevcat/Kingfisher.git";
			requirement = {
				kind = upToNextMajorVersion;
				minimumVersion = 7.12.0;
			};
		};
/* End XCRemoteSwiftPackageReference section */

/* Begin XCSwiftPackageProductDependency section */
		20EAADEC2C49F9AB003A68D8 /* DeclarativeUIKit */ = {
			isa = XCSwiftPackageProductDependency;
			package = 20EAADEB2C49F9AB003A68D8 /* XCRemoteSwiftPackageReference "DeclarativeUIKit" */;
			productName = DeclarativeUIKit;
		};
		20EAAE482C4E325C003A68D8 /* Kingfisher */ = {
			isa = XCSwiftPackageProductDependency;
			package = 20EAAE472C4E325C003A68D8 /* XCRemoteSwiftPackageReference "Kingfisher" */;
			productName = Kingfisher;
		};
		20EAAE742C4F8100003A68D8 /* DesignSystem */ = {
			isa = XCSwiftPackageProductDependency;
			productName = DesignSystem;
		};
/* End XCSwiftPackageProductDependency section */
	};
	rootObject = 20EAADAB2C49DBE5003A68D8 /* Project object */;
}
