{
  "pins" : [
    {
      "identity" : "declarativeuikit",
      "kind" : "remoteSourceControl",
      "location" : "git@github.com:Columbina/DeclarativeUIKit.git",
      "state" : {
        "revision" : "be5ad80235f214c0c2b8b873c0807793d23c1399",
        "version" : "2.0.0"
      }
    }
  ],
  "version" : 2
}
