{
  "pins" : [
    {
      "identity" : "declarativeuikit",
      "kind" : "remoteSourceControl",
      "location" : "git@github.com:Columbina/DeclarativeUIKit.git",
      "state" : {
        "revision" : "61904fc518bd562d5817f00fd6bf390594bb3b39",
        "version" : "2.0.1"
      }
    }
  ],
  "version" : 2
}
